
Microsoft Visual Studio Solution File, Format Version 12.00
# Visual Studio Version 16
VisualStudioVersion = 16.0.30907.101
MinimumVisualStudioVersion = 10.0.40219.1
Project("{FAE04EC0-301F-11D3-BF4B-00C04F79EFBC}") = "ReviewCode", "ReviewCode\ReviewCode.csproj", "{AB776D31-6EB9-4B75-B14E-DAFFB79F9E97}"
EndProject
Global
	GlobalSection(SolutionConfigurationPlatforms) = preSolution
		Debug|Any CPU = Debug|Any CPU
		Release|Any CPU = Release|Any CPU
	EndGlobalSection
	GlobalSection(ProjectConfigurationPlatforms) = postSolution
		{AB776D31-6EB9-4B75-B14E-DAFFB79F9E97}.Debug|Any CPU.ActiveCfg = Debug|Any CPU
		{AB776D31-6EB9-4B75-B14E-DAFFB79F9E97}.Debug|Any CPU.Build.0 = Debug|Any CPU
		{AB776D31-6EB9-4B75-B14E-DAFFB79F9E97}.Release|Any CPU.ActiveCfg = Release|Any CPU
		{AB776D31-6EB9-4B75-B14E-DAFFB79F9E97}.Release|Any CPU.Build.0 = Release|Any CPU
	EndGlobalSection
	GlobalSection(SolutionProperties) = preSolution
		HideSolutionNode = FALSE
	EndGlobalSection
	GlobalSection(ExtensibilityGlobals) = postSolution
		SolutionGuid = {FA8497B7-0E2D-4DB8-A249-921F13E3176B}
	EndGlobalSection
EndGlobal
